
Microsoft Visual Studio Solution File, Format Version 12.00
# Visual Studio Version 16
VisualStudioVersion = 16.0.31112.23
MinimumVisualStudioVersion = 10.0.40219.1
Project("{FAE04EC0-301F-11D3-BF4B-00C04F79EFBC}") = "Demos Async_Await", "Demos Async_Await.csproj", "{8C122EFD-6B8F-484A-AAAD-0CEC776A8655}"
EndProject
Global
	GlobalSection(SolutionConfigurationPlatforms) = preSolution
		Debug|Any CPU = Debug|Any CPU
		Release|Any CPU = Release|Any CPU
	EndGlobalSection
	GlobalSection(ProjectConfigurationPlatforms) = postSolution
		{8C122EFD-6B8F-484A-AAAD-0CEC776A8655}.Debug|Any CPU.ActiveCfg = Debug|Any CPU
		{8C122EFD-6B8F-484A-AAAD-0CEC776A8655}.Debug|Any CPU.Build.0 = Debug|Any CPU
		{8C122EFD-6B8F-484A-AAAD-0CEC776A8655}.Release|Any CPU.ActiveCfg = Release|Any CPU
		{8C122EFD-6B8F-484A-AAAD-0CEC776A8655}.Release|Any CPU.Build.0 = Release|Any CPU
	EndGlobalSection
	GlobalSection(SolutionProperties) = preSolution
		HideSolutionNode = FALSE
	EndGlobalSection
	GlobalSection(ExtensibilityGlobals) = postSolution
		SolutionGuid = {271CA68F-6455-4427-9117-C187135053CE}
	EndGlobalSection
EndGlobal
